
Microsoft Visual Studio Solution File, Format Version 12.00
# Visual Studio 15
VisualStudioVersion = 15.0.27130.2027
MinimumVisualStudioVersion = 10.0.40219.1
Project("{9A19103F-16F7-4668-BE54-9A1E7A4F7556}") = "TesteDotNet.Core2_0", "TesteDotNet.Core2.0\TesteDotNet.Core2_0.csproj", "{C238E280-B9C1-44FE-9033-318DCAE62530}"
EndProject
Project("{9A19103F-16F7-4668-BE54-9A1E7A4F7556}") = "TesteDotNet.Core2_0.BDD", "TesteDotNet.Core2.0-BDD\TesteDotNet.Core2_0.BDD.csproj", "{CED9C5F0-1A1F-4FF2-9C56-8E1694BC82BA}"
EndProject
Global
	GlobalSection(SolutionConfigurationPlatforms) = preSolution
		Debug|Any CPU = Debug|Any CPU
		Release|Any CPU = Release|Any CPU
	EndGlobalSection
	GlobalSection(ProjectConfigurationPlatforms) = postSolution
		{C238E280-B9C1-44FE-9033-318DCAE62530}.Debug|Any CPU.ActiveCfg = Debug|Any CPU
		{C238E280-B9C1-44FE-9033-318DCAE62530}.Debug|Any CPU.Build.0 = Debug|Any CPU
		{C238E280-B9C1-44FE-9033-318DCAE62530}.Release|Any CPU.ActiveCfg = Release|Any CPU
		{C238E280-B9C1-44FE-9033-318DCAE62530}.Release|Any CPU.Build.0 = Release|Any CPU
		{CED9C5F0-1A1F-4FF2-9C56-8E1694BC82BA}.Debug|Any CPU.ActiveCfg = Debug|Any CPU
		{CED9C5F0-1A1F-4FF2-9C56-8E1694BC82BA}.Debug|Any CPU.Build.0 = Debug|Any CPU
		{CED9C5F0-1A1F-4FF2-9C56-8E1694BC82BA}.Release|Any CPU.ActiveCfg = Release|Any CPU
		{CED9C5F0-1A1F-4FF2-9C56-8E1694BC82BA}.Release|Any CPU.Build.0 = Release|Any CPU
	EndGlobalSection
	GlobalSection(SolutionProperties) = preSolution
		HideSolutionNode = FALSE
	EndGlobalSection
	GlobalSection(ExtensibilityGlobals) = postSolution
		SolutionGuid = {03CE729A-F6FF-45C7-A6E9-886CD3409581}
	EndGlobalSection
EndGlobal
